// !$*UTF8*$!
{
	archiveVersion = 1;
	classes = {
	};
	objectVersion = 50;
	objects = {

/* Begin PBXBuildFile section */
		FA31F2B226D69DC2001BF354 /* AppDelegate.swift in Sources */ = {isa = PBXBuildFile; fileRef = FA31F2B126D69DC2001BF354 /* AppDelegate.swift */; };
		FA31F2B826D69DC8001BF354 /* Assets.xcassets in Resources */ = {isa = PBXBuildFile; fileRef = FA31F2B726D69DC8001BF354 /* Assets.xcassets */; };
		FA31F2BE26D69DC8001BF354 /* LaunchScreen.storyboard in Resources */ = {isa = PBXBuildFile; fileRef = FA31F2BC26D69DC8001BF354 /* LaunchScreen.storyboard */; };
		FA31F2C926D69FA8001BF354 /* RSBarButtonItem.swift in Sources */ = {isa = PBXBuildFile; fileRef = FA31F2C826D69FA8001BF354 /* RSBarButtonItem.swift */; };
		FA31F2CB26D6A276001BF354 /* NewGameViewController.swift in Sources */ = {isa = PBXBuildFile; fileRef = FA31F2CA26D6A276001BF354 /* NewGameViewController.swift */; };
		FA31F2DC26D6A88C001BF354 /* Nunito-ExtraBoldItalic.ttf in Resources */ = {isa = PBXBuildFile; fileRef = FA31F2CD26D6A88C001BF354 /* Nunito-ExtraBoldItalic.ttf */; };
		FA31F2DD26D6A88C001BF354 /* Nunito-ExtraBold.ttf in Resources */ = {isa = PBXBuildFile; fileRef = FA31F2CE26D6A88C001BF354 /* Nunito-ExtraBold.ttf */; };
		FA31F2DE26D6A88C001BF354 /* Nunito-ExtraLightItalic.ttf in Resources */ = {isa = PBXBuildFile; fileRef = FA31F2CF26D6A88C001BF354 /* Nunito-ExtraLightItalic.ttf */; };
		FA31F2DF26D6A88C001BF354 /* Nunito-Light.ttf in Resources */ = {isa = PBXBuildFile; fileRef = FA31F2D026D6A88C001BF354 /* Nunito-Light.ttf */; };
		FA31F2E026D6A88C001BF354 /* Nunito-Regular.ttf in Resources */ = {isa = PBXBuildFile; fileRef = FA31F2D126D6A88C001BF354 /* Nunito-Regular.ttf */; };
		FA31F2E126D6A88C001BF354 /* Nunito-SemiBold.ttf in Resources */ = {isa = PBXBuildFile; fileRef = FA31F2D226D6A88C001BF354 /* Nunito-SemiBold.ttf */; };
		FA31F2E226D6A88C001BF354 /* Nunito-Bold.ttf in Resources */ = {isa = PBXBuildFile; fileRef = FA31F2D326D6A88C001BF354 /* Nunito-Bold.ttf */; };
		FA31F2E326D6A88C001BF354 /* Nunito-BoldItalic.ttf in Resources */ = {isa = PBXBuildFile; fileRef = FA31F2D426D6A88C001BF354 /* Nunito-BoldItalic.ttf */; };
		FA31F2E426D6A88C001BF354 /* Nunito-Black.ttf in Resources */ = {isa = PBXBuildFile; fileRef = FA31F2D526D6A88C001BF354 /* Nunito-Black.ttf */; };
		FA31F2E526D6A88C001BF354 /* Nunito-ExtraLight.ttf in Resources */ = {isa = PBXBuildFile; fileRef = FA31F2D626D6A88C001BF354 /* Nunito-ExtraLight.ttf */; };
		FA31F2E626D6A88C001BF354 /* Nunito-SemiBoldItalic.ttf in Resources */ = {isa = PBXBuildFile; fileRef = FA31F2D726D6A88C001BF354 /* Nunito-SemiBoldItalic.ttf */; };
		FA31F2E726D6A88C001BF354 /* Nunito-BlackItalic.ttf in Resources */ = {isa = PBXBuildFile; fileRef = FA31F2D826D6A88C001BF354 /* Nunito-BlackItalic.ttf */; };
		FA31F2E826D6A88C001BF354 /* OFL.txt in Resources */ = {isa = PBXBuildFile; fileRef = FA31F2D926D6A88C001BF354 /* OFL.txt */; };
		FA31F2E926D6A88C001BF354 /* Nunito-Italic.ttf in Resources */ = {isa = PBXBuildFile; fileRef = FA31F2DA26D6A88C001BF354 /* Nunito-Italic.ttf */; };
		FA31F2EA26D6A88C001BF354 /* Nunito-LightItalic.ttf in Resources */ = {isa = PBXBuildFile; fileRef = FA31F2DB26D6A88C001BF354 /* Nunito-LightItalic.ttf */; };
		FA31F2EC26D6BFED001BF354 /* MKControllerNameLabel.swift in Sources */ = {isa = PBXBuildFile; fileRef = FA31F2EB26D6BFED001BF354 /* MKControllerNameLabel.swift */; };
		FA31F2EE26D6E109001BF354 /* MKTableViewCell.swift in Sources */ = {isa = PBXBuildFile; fileRef = FA31F2ED26D6E109001BF354 /* MKTableViewCell.swift */; };
		FA31F2F226D6EB54001BF354 /* MKTableViewHeader.swift in Sources */ = {isa = PBXBuildFile; fileRef = FA31F2F126D6EB54001BF354 /* MKTableViewHeader.swift */; };
		FA31F2FC26D7076B001BF354 /* AddPlayerViewController.swift in Sources */ = {isa = PBXBuildFile; fileRef = FA31F2FB26D7076B001BF354 /* AddPlayerViewController.swift */; };
		FA31F2FE26D7DAAE001BF354 /* MKGameViewController.swift in Sources */ = {isa = PBXBuildFile; fileRef = FA31F2FD26D7DAAE001BF354 /* MKGameViewController.swift */; };
		FA31F30026D8172D001BF354 /* MKLetterCollectionViewCell.swift in Sources */ = {isa = PBXBuildFile; fileRef = FA31F2FF26D8172D001BF354 /* MKLetterCollectionViewCell.swift */; };
		FA31F30226D81C1F001BF354 /* MKButtonsCollectionViewCell.swift in Sources */ = {isa = PBXBuildFile; fileRef = FA31F30126D81C1F001BF354 /* MKButtonsCollectionViewCell.swift */; };
		FA31F30426D8317F001BF354 /* MKKaruselCollectionViewCell.swift in Sources */ = {isa = PBXBuildFile; fileRef = FA31F30326D8317F001BF354 /* MKKaruselCollectionViewCell.swift */; };
		FA31F30626D9373F001BF354 /* MKTableView.swift in Sources */ = {isa = PBXBuildFile; fileRef = FA31F30526D9373F001BF354 /* MKTableView.swift */; };
		FA31F30826D9740D001BF354 /* MKPlayer.swift in Sources */ = {isa = PBXBuildFile; fileRef = FA31F30726D9740D001BF354 /* MKPlayer.swift */; };
		FA31F30B26D97575001BF354 /* MKResultsControllerViewController.swift in Sources */ = {isa = PBXBuildFile; fileRef = FA31F30A26D97575001BF354 /* MKResultsControllerViewController.swift */; };
		FA31F30D26D976CD001BF354 /* MKHighscoreTableViewCell.swift in Sources */ = {isa = PBXBuildFile; fileRef = FA31F30C26D976CD001BF354 /* MKHighscoreTableViewCell.swift */; };
		FA31F30F26D999F2001BF354 /* RSColor.swift in Sources */ = {isa = PBXBuildFile; fileRef = FA31F30E26D999F2001BF354 /* RSColor.swift */; };
		FA31F31126D9AB57001BF354 /* MKScoreKeeper.swift in Sources */ = {isa = PBXBuildFile; fileRef = FA31F31026D9AB56001BF354 /* MKScoreKeeper.swift */; };
		FA31F31326D9ACD2001BF354 /* MKTurnsTableViewCell.swift in Sources */ = {isa = PBXBuildFile; fileRef = FA31F31226D9ACD2001BF354 /* MKTurnsTableViewCell.swift */; };
		FA31F31526DA6EB8001BF354 /* MKCollectionView.swift in Sources */ = {isa = PBXBuildFile; fileRef = FA31F31426DA6EB8001BF354 /* MKCollectionView.swift */; };
/* End PBXBuildFile section */

/* Begin PBXFileReference section */
		FA31F2AE26D69DC2001BF354 /* rs.ios.mentor-task10.app */ = {isa = PBXFileReference; explicitFileType = wrapper.application; includeInIndex = 0; path = "rs.ios.mentor-task10.app"; sourceTree = BUILT_PRODUCTS_DIR; };
		FA31F2B126D69DC2001BF354 /* AppDelegate.swift */ = {isa = PBXFileReference; lastKnownFileType = sourcecode.swift; path = AppDelegate.swift; sourceTree = "<group>"; };
		FA31F2B726D69DC8001BF354 /* Assets.xcassets */ = {isa = PBXFileReference; lastKnownFileType = folder.assetcatalog; path = Assets.xcassets; sourceTree = "<group>"; };
		FA31F2BD26D69DC8001BF354 /* Base */ = {isa = PBXFileReference; lastKnownFileType = file.storyboard; name = Base; path = Base.lproj/LaunchScreen.storyboard; sourceTree = "<group>"; };
		FA31F2BF26D69DC8001BF354 /* Info.plist */ = {isa = PBXFileReference; lastKnownFileType = text.plist.xml; path = Info.plist; sourceTree = "<group>"; };
		FA31F2C826D69FA8001BF354 /* RSBarButtonItem.swift */ = {isa = PBXFileReference; lastKnownFileType = sourcecode.swift; path = RSBarButtonItem.swift; sourceTree = "<group>"; };
		FA31F2CA26D6A276001BF354 /* NewGameViewController.swift */ = {isa = PBXFileReference; lastKnownFileType = sourcecode.swift; path = NewGameViewController.swift; sourceTree = "<group>"; };
		FA31F2CD26D6A88C001BF354 /* Nunito-ExtraBoldItalic.ttf */ = {isa = PBXFileReference; lastKnownFileType = file; path = "Nunito-ExtraBoldItalic.ttf"; sourceTree = "<group>"; };
		FA31F2CE26D6A88C001BF354 /* Nunito-ExtraBold.ttf */ = {isa = PBXFileReference; lastKnownFileType = file; path = "Nunito-ExtraBold.ttf"; sourceTree = "<group>"; };
		FA31F2CF26D6A88C001BF354 /* Nunito-ExtraLightItalic.ttf */ = {isa = PBXFileReference; lastKnownFileType = file; path = "Nunito-ExtraLightItalic.ttf"; sourceTree = "<group>"; };
		FA31F2D026D6A88C001BF354 /* Nunito-Light.ttf */ = {isa = PBXFileReference; lastKnownFileType = file; path = "Nunito-Light.ttf"; sourceTree = "<group>"; };
		FA31F2D126D6A88C001BF354 /* Nunito-Regular.ttf */ = {isa = PBXFileReference; lastKnownFileType = file; path = "Nunito-Regular.ttf"; sourceTree = "<group>"; };
		FA31F2D226D6A88C001BF354 /* Nunito-SemiBold.ttf */ = {isa = PBXFileReference; lastKnownFileType = file; path = "Nunito-SemiBold.ttf"; sourceTree = "<group>"; };
		FA31F2D326D6A88C001BF354 /* Nunito-Bold.ttf */ = {isa = PBXFileReference; lastKnownFileType = file; path = "Nunito-Bold.ttf"; sourceTree = "<group>"; };
		FA31F2D426D6A88C001BF354 /* Nunito-BoldItalic.ttf */ = {isa = PBXFileReference; lastKnownFileType = file; path = "Nunito-BoldItalic.ttf"; sourceTree = "<group>"; };
		FA31F2D526D6A88C001BF354 /* Nunito-Black.ttf */ = {isa = PBXFileReference; lastKnownFileType = file; path = "Nunito-Black.ttf"; sourceTree = "<group>"; };
		FA31F2D626D6A88C001BF354 /* Nunito-ExtraLight.ttf */ = {isa = PBXFileReference; lastKnownFileType = file; path = "Nunito-ExtraLight.ttf"; sourceTree = "<group>"; };
		FA31F2D726D6A88C001BF354 /* Nunito-SemiBoldItalic.ttf */ = {isa = PBXFileReference; lastKnownFileType = file; path = "Nunito-SemiBoldItalic.ttf"; sourceTree = "<group>"; };
		FA31F2D826D6A88C001BF354 /* Nunito-BlackItalic.ttf */ = {isa = PBXFileReference; lastKnownFileType = file; path = "Nunito-BlackItalic.ttf"; sourceTree = "<group>"; };
		FA31F2D926D6A88C001BF354 /* OFL.txt */ = {isa = PBXFileReference; fileEncoding = 4; lastKnownFileType = text; path = OFL.txt; sourceTree = "<group>"; };
		FA31F2DA26D6A88C001BF354 /* Nunito-Italic.ttf */ = {isa = PBXFileReference; lastKnownFileType = file; path = "Nunito-Italic.ttf"; sourceTree = "<group>"; };
		FA31F2DB26D6A88C001BF354 /* Nunito-LightItalic.ttf */ = {isa = PBXFileReference; lastKnownFileType = file; path = "Nunito-LightItalic.ttf"; sourceTree = "<group>"; };
		FA31F2EB26D6BFED001BF354 /* MKControllerNameLabel.swift */ = {isa = PBXFileReference; lastKnownFileType = sourcecode.swift; path = MKControllerNameLabel.swift; sourceTree = "<group>"; };
		FA31F2ED26D6E109001BF354 /* MKTableViewCell.swift */ = {isa = PBXFileReference; lastKnownFileType = sourcecode.swift; path = MKTableViewCell.swift; sourceTree = "<group>"; };
		FA31F2F126D6EB54001BF354 /* MKTableViewHeader.swift */ = {isa = PBXFileReference; lastKnownFileType = sourcecode.swift; path = MKTableViewHeader.swift; sourceTree = "<group>"; };
		FA31F2FB26D7076B001BF354 /* AddPlayerViewController.swift */ = {isa = PBXFileReference; lastKnownFileType = sourcecode.swift; path = AddPlayerViewController.swift; sourceTree = "<group>"; };
		FA31F2FD26D7DAAE001BF354 /* MKGameViewController.swift */ = {isa = PBXFileReference; lastKnownFileType = sourcecode.swift; path = MKGameViewController.swift; sourceTree = "<group>"; };
		FA31F2FF26D8172D001BF354 /* MKLetterCollectionViewCell.swift */ = {isa = PBXFileReference; lastKnownFileType = sourcecode.swift; path = MKLetterCollectionViewCell.swift; sourceTree = "<group>"; };
		FA31F30126D81C1F001BF354 /* MKButtonsCollectionViewCell.swift */ = {isa = PBXFileReference; lastKnownFileType = sourcecode.swift; path = MKButtonsCollectionViewCell.swift; sourceTree = "<group>"; };
		FA31F30326D8317F001BF354 /* MKKaruselCollectionViewCell.swift */ = {isa = PBXFileReference; lastKnownFileType = sourcecode.swift; path = MKKaruselCollectionViewCell.swift; sourceTree = "<group>"; };
		FA31F30526D9373F001BF354 /* MKTableView.swift */ = {isa = PBXFileReference; lastKnownFileType = sourcecode.swift; path = MKTableView.swift; sourceTree = "<group>"; };
		FA31F30726D9740D001BF354 /* MKPlayer.swift */ = {isa = PBXFileReference; lastKnownFileType = sourcecode.swift; path = MKPlayer.swift; sourceTree = "<group>"; };
		FA31F30A26D97575001BF354 /* MKResultsControllerViewController.swift */ = {isa = PBXFileReference; lastKnownFileType = sourcecode.swift; path = MKResultsControllerViewController.swift; sourceTree = "<group>"; };
		FA31F30C26D976CD001BF354 /* MKHighscoreTableViewCell.swift */ = {isa = PBXFileReference; lastKnownFileType = sourcecode.swift; path = MKHighscoreTableViewCell.swift; sourceTree = "<group>"; };
		FA31F30E26D999F2001BF354 /* RSColor.swift */ = {isa = PBXFileReference; lastKnownFileType = sourcecode.swift; path = RSColor.swift; sourceTree = "<group>"; };
		FA31F31026D9AB56001BF354 /* MKScoreKeeper.swift */ = {isa = PBXFileReference; lastKnownFileType = sourcecode.swift; path = MKScoreKeeper.swift; sourceTree = "<group>"; };
		FA31F31226D9ACD2001BF354 /* MKTurnsTableViewCell.swift */ = {isa = PBXFileReference; lastKnownFileType = sourcecode.swift; path = MKTurnsTableViewCell.swift; sourceTree = "<group>"; };
		FA31F31426DA6EB8001BF354 /* MKCollectionView.swift */ = {isa = PBXFileReference; lastKnownFileType = sourcecode.swift; path = MKCollectionView.swift; sourceTree = "<group>"; };
/* End PBXFileReference section */

/* Begin PBXFrameworksBuildPhase section */
		FA31F2AB26D69DC2001BF354 /* Frameworks */ = {
			isa = PBXFrameworksBuildPhase;
			buildActionMask = 2147483647;
			files = (
			);
			runOnlyForDeploymentPostprocessing = 0;
		};
/* End PBXFrameworksBuildPhase section */

/* Begin PBXGroup section */
		FA31F2A526D69DC2001BF354 = {
			isa = PBXGroup;
			children = (
				FA31F2B026D69DC2001BF354 /* rs.ios.mentor-task10 */,
				FA31F2AF26D69DC2001BF354 /* Products */,
			);
			sourceTree = "<group>";
		};
		FA31F2AF26D69DC2001BF354 /* Products */ = {
			isa = PBXGroup;
			children = (
				FA31F2AE26D69DC2001BF354 /* rs.ios.mentor-task10.app */,
			);
			name = Products;
			sourceTree = "<group>";
		};
		FA31F2B026D69DC2001BF354 /* rs.ios.mentor-task10 */ = {
			isa = PBXGroup;
			children = (
				FA31F30926D9741B001BF354 /* Models */,
				FA31F2C726D69F57001BF354 /* Helpers */,
				FA31F2C626D69F53001BF354 /* Views */,
				FA31F2C526D69F4A001BF354 /* Controllers  */,
				FA31F2B126D69DC2001BF354 /* AppDelegate.swift */,
				FA31F2BC26D69DC8001BF354 /* LaunchScreen.storyboard */,
				FA31F2BF26D69DC8001BF354 /* Info.plist */,
				FA31F2B726D69DC8001BF354 /* Assets.xcassets */,
				FA31F2CC26D6A88C001BF354 /* Nunito */,
			);
			path = "rs.ios.mentor-task10";
			sourceTree = "<group>";
		};
		FA31F2C526D69F4A001BF354 /* Controllers  */ = {
			isa = PBXGroup;
			children = (
				FA31F2CA26D6A276001BF354 /* NewGameViewController.swift */,
				FA31F2FB26D7076B001BF354 /* AddPlayerViewController.swift */,
				FA31F2FD26D7DAAE001BF354 /* MKGameViewController.swift */,
				FA31F30A26D97575001BF354 /* MKResultsControllerViewController.swift */,
			);
			path = "Controllers ";
			sourceTree = "<group>";
		};
		FA31F2C626D69F53001BF354 /* Views */ = {
			isa = PBXGroup;
			children = (
				FA31F2EB26D6BFED001BF354 /* MKControllerNameLabel.swift */,
				FA31F2F126D6EB54001BF354 /* MKTableViewHeader.swift */,
				FA31F2ED26D6E109001BF354 /* MKTableViewCell.swift */,
				FA31F2FF26D8172D001BF354 /* MKLetterCollectionViewCell.swift */,
				FA31F30126D81C1F001BF354 /* MKButtonsCollectionViewCell.swift */,
				FA31F30326D8317F001BF354 /* MKKaruselCollectionViewCell.swift */,
				FA31F30526D9373F001BF354 /* MKTableView.swift */,
				FA31F30C26D976CD001BF354 /* MKHighscoreTableViewCell.swift */,
				FA31F31226D9ACD2001BF354 /* MKTurnsTableViewCell.swift */,
				FA31F31426DA6EB8001BF354 /* MKCollectionView.swift */,
			);
			path = Views;
			sourceTree = "<group>";
		};
		FA31F2C726D69F57001BF354 /* Helpers */ = {
			isa = PBXGroup;
			children = (
				FA31F2C826D69FA8001BF354 /* RSBarButtonItem.swift */,
				FA31F30E26D999F2001BF354 /* RSColor.swift */,
			);
			path = Helpers;
			sourceTree = "<group>";
		};
		FA31F2CC26D6A88C001BF354 /* Nunito */ = {
			isa = PBXGroup;
			children = (
				FA31F2CD26D6A88C001BF354 /* Nunito-ExtraBoldItalic.ttf */,
				FA31F2CE26D6A88C001BF354 /* Nunito-ExtraBold.ttf */,
				FA31F2CF26D6A88C001BF354 /* Nunito-ExtraLightItalic.ttf */,
				FA31F2D026D6A88C001BF354 /* Nunito-Light.ttf */,
				FA31F2D126D6A88C001BF354 /* Nunito-Regular.ttf */,
				FA31F2D226D6A88C001BF354 /* Nunito-SemiBold.ttf */,
				FA31F2D326D6A88C001BF354 /* Nunito-Bold.ttf */,
				FA31F2D426D6A88C001BF354 /* Nunito-BoldItalic.ttf */,
				FA31F2D526D6A88C001BF354 /* Nunito-Black.ttf */,
				FA31F2D626D6A88C001BF354 /* Nunito-ExtraLight.ttf */,
				FA31F2D726D6A88C001BF354 /* Nunito-SemiBoldItalic.ttf */,
				FA31F2D826D6A88C001BF354 /* Nunito-BlackItalic.ttf */,
				FA31F2D926D6A88C001BF354 /* OFL.txt */,
				FA31F2DA26D6A88C001BF354 /* Nunito-Italic.ttf */,
				FA31F2DB26D6A88C001BF354 /* Nunito-LightItalic.ttf */,
			);
			path = Nunito;
			sourceTree = "<group>";
		};
		FA31F30926D9741B001BF354 /* Models */ = {
			isa = PBXGroup;
			children = (
				FA31F30726D9740D001BF354 /* MKPlayer.swift */,
				FA31F31026D9AB56001BF354 /* MKScoreKeeper.swift */,
			);
			path = Models;
			sourceTree = "<group>";
		};
/* End PBXGroup section */

/* Begin PBXNativeTarget section */
		FA31F2AD26D69DC2001BF354 /* rs.ios.mentor-task10 */ = {
			isa = PBXNativeTarget;
			buildConfigurationList = FA31F2C226D69DC8001BF354 /* Build configuration list for PBXNativeTarget "rs.ios.mentor-task10" */;
			buildPhases = (
				FA31F2AA26D69DC2001BF354 /* Sources */,
				FA31F2AB26D69DC2001BF354 /* Frameworks */,
				FA31F2AC26D69DC2001BF354 /* Resources */,
			);
			buildRules = (
			);
			dependencies = (
			);
			name = "rs.ios.mentor-task10";
			productName = "rs.ios.mentor-task10";
			productReference = FA31F2AE26D69DC2001BF354 /* rs.ios.mentor-task10.app */;
			productType = "com.apple.product-type.application";
		};
/* End PBXNativeTarget section */

/* Begin PBXProject section */
		FA31F2A626D69DC2001BF354 /* Project object */ = {
			isa = PBXProject;
			attributes = {
				LastSwiftUpdateCheck = 1250;
				LastUpgradeCheck = 1250;
				TargetAttributes = {
					FA31F2AD26D69DC2001BF354 = {
						CreatedOnToolsVersion = 12.5;
					};
				};
			};
			buildConfigurationList = FA31F2A926D69DC2001BF354 /* Build configuration list for PBXProject "rs.ios.mentor-task10" */;
			compatibilityVersion = "Xcode 9.3";
			developmentRegion = en;
			hasScannedForEncodings = 0;
			knownRegions = (
				en,
				Base,
			);
			mainGroup = FA31F2A526D69DC2001BF354;
			productRefGroup = FA31F2AF26D69DC2001BF354 /* Products */;
			projectDirPath = "";
			projectRoot = "";
			targets = (
				FA31F2AD26D69DC2001BF354 /* rs.ios.mentor-task10 */,
			);
		};
/* End PBXProject section */

/* Begin PBXResourcesBuildPhase section */
		FA31F2AC26D69DC2001BF354 /* Resources */ = {
			isa = PBXResourcesBuildPhase;
			buildActionMask = 2147483647;
			files = (
				FA31F2E826D6A88C001BF354 /* OFL.txt in Resources */,
				FA31F2E126D6A88C001BF354 /* Nunito-SemiBold.ttf in Resources */,
				FA31F2BE26D69DC8001BF354 /* LaunchScreen.storyboard in Resources */,
				FA31F2EA26D6A88C001BF354 /* Nunito-LightItalic.ttf in Resources */,
				FA31F2DE26D6A88C001BF354 /* Nunito-ExtraLightItalic.ttf in Resources */,
				FA31F2E526D6A88C001BF354 /* Nunito-ExtraLight.ttf in Resources */,
				FA31F2DF26D6A88C001BF354 /* Nunito-Light.ttf in Resources */,
				FA31F2E226D6A88C001BF354 /* Nunito-Bold.ttf in Resources */,
				FA31F2B826D69DC8001BF354 /* Assets.xcassets in Resources */,
				FA31F2E726D6A88C001BF354 /* Nunito-BlackItalic.ttf in Resources */,
				FA31F2E426D6A88C001BF354 /* Nunito-Black.ttf in Resources */,
				FA31F2E326D6A88C001BF354 /* Nunito-BoldItalic.ttf in Resources */,
				FA31F2E626D6A88C001BF354 /* Nunito-SemiBoldItalic.ttf in Resources */,
				FA31F2E026D6A88C001BF354 /* Nunito-Regular.ttf in Resources */,
				FA31F2E926D6A88C001BF354 /* Nunito-Italic.ttf in Resources */,
				FA31F2DC26D6A88C001BF354 /* Nunito-ExtraBoldItalic.ttf in Resources */,
				FA31F2DD26D6A88C001BF354 /* Nunito-ExtraBold.ttf in Resources */,
			);
			runOnlyForDeploymentPostprocessing = 0;
		};
/* End PBXResourcesBuildPhase section */

/* Begin PBXSourcesBuildPhase section */
		FA31F2AA26D69DC2001BF354 /* Sources */ = {
			isa = PBXSourcesBuildPhase;
			buildActionMask = 2147483647;
			files = (
				FA31F2FC26D7076B001BF354 /* AddPlayerViewController.swift in Sources */,
				FA31F2B226D69DC2001BF354 /* AppDelegate.swift in Sources */,
				FA31F30226D81C1F001BF354 /* MKButtonsCollectionViewCell.swift in Sources */,
				FA31F30D26D976CD001BF354 /* MKHighscoreTableViewCell.swift in Sources */,
				FA31F31326D9ACD2001BF354 /* MKTurnsTableViewCell.swift in Sources */,
				FA31F30B26D97575001BF354 /* MKResultsControllerViewController.swift in Sources */,
				FA31F30626D9373F001BF354 /* MKTableView.swift in Sources */,
				FA31F2EC26D6BFED001BF354 /* MKControllerNameLabel.swift in Sources */,
				FA31F30426D8317F001BF354 /* MKKaruselCollectionViewCell.swift in Sources */,
				FA31F2F226D6EB54001BF354 /* MKTableViewHeader.swift in Sources */,
				FA31F2EE26D6E109001BF354 /* MKTableViewCell.swift in Sources */,
				FA31F2C926D69FA8001BF354 /* RSBarButtonItem.swift in Sources */,
				FA31F2FE26D7DAAE001BF354 /* MKGameViewController.swift in Sources */,
				FA31F31526DA6EB8001BF354 /* MKCollectionView.swift in Sources */,
				FA31F30F26D999F2001BF354 /* RSColor.swift in Sources */,
				FA31F31126D9AB57001BF354 /* MKScoreKeeper.swift in Sources */,
				FA31F30826D9740D001BF354 /* MKPlayer.swift in Sources */,
				FA31F2CB26D6A276001BF354 /* NewGameViewController.swift in Sources */,
				FA31F30026D8172D001BF354 /* MKLetterCollectionViewCell.swift in Sources */,
			);
			runOnlyForDeploymentPostprocessing = 0;
		};
/* End PBXSourcesBuildPhase section */

/* Begin PBXVariantGroup section */
		FA31F2BC26D69DC8001BF354 /* LaunchScreen.storyboard */ = {
			isa = PBXVariantGroup;
			children = (
				FA31F2BD26D69DC8001BF354 /* Base */,
			);
			name = LaunchScreen.storyboard;
			sourceTree = "<group>";
		};
/* End PBXVariantGroup section */

/* Begin XCBuildConfiguration section */
		FA31F2C026D69DC8001BF354 /* Debug */ = {
			isa = XCBuildConfiguration;
			buildSettings = {
				ALWAYS_SEARCH_USER_PATHS = NO;
				CLANG_ANALYZER_NONNULL = YES;
				CLANG_ANALYZER_NUMBER_OBJECT_CONVERSION = YES_AGGRESSIVE;
				CLANG_CXX_LANGUAGE_STANDARD = "gnu++14";
				CLANG_CXX_LIBRARY = "libc++";
				CLANG_ENABLE_MODULES = YES;
				CLANG_ENABLE_OBJC_ARC = YES;
				CLANG_ENABLE_OBJC_WEAK = YES;
				CLANG_WARN_BLOCK_CAPTURE_AUTORELEASING = YES;
				CLANG_WARN_BOOL_CONVERSION = YES;
				CLANG_WARN_COMMA = YES;
				CLANG_WARN_CONSTANT_CONVERSION = YES;
				CLANG_WARN_DEPRECATED_OBJC_IMPLEMENTATIONS = YES;
				CLANG_WARN_DIRECT_OBJC_ISA_USAGE = YES_ERROR;
				CLANG_WARN_DOCUMENTATION_COMMENTS = YES;
				CLANG_WARN_EMPTY_BODY = YES;
				CLANG_WARN_ENUM_CONVERSION = YES;
				CLANG_WARN_INFINITE_RECURSION = YES;
				CLANG_WARN_INT_CONVERSION = YES;
				CLANG_WARN_NON_LITERAL_NULL_CONVERSION = YES;
				CLANG_WARN_OBJC_IMPLICIT_RETAIN_SELF = YES;
				CLANG_WARN_OBJC_LITERAL_CONVERSION = YES;
				CLANG_WARN_OBJC_ROOT_CLASS = YES_ERROR;
				CLANG_WARN_QUOTED_INCLUDE_IN_FRAMEWORK_HEADER = YES;
				CLANG_WARN_RANGE_LOOP_ANALYSIS = YES;
				CLANG_WARN_STRICT_PROTOTYPES = YES;
				CLANG_WARN_SUSPICIOUS_MOVE = YES;
				CLANG_WARN_UNGUARDED_AVAILABILITY = YES_AGGRESSIVE;
				CLANG_WARN_UNREACHABLE_CODE = YES;
				CLANG_WARN__DUPLICATE_METHOD_MATCH = YES;
				COPY_PHASE_STRIP = NO;
				DEBUG_INFORMATION_FORMAT = dwarf;
				ENABLE_STRICT_OBJC_MSGSEND = YES;
				ENABLE_TESTABILITY = YES;
				GCC_C_LANGUAGE_STANDARD = gnu11;
				GCC_DYNAMIC_NO_PIC = NO;
				GCC_NO_COMMON_BLOCKS = YES;
				GCC_OPTIMIZATION_LEVEL = 0;
				GCC_PREPROCESSOR_DEFINITIONS = (
					"DEBUG=1",
					"$(inherited)",
				);
				GCC_WARN_64_TO_32_BIT_CONVERSION = YES;
				GCC_WARN_ABOUT_RETURN_TYPE = YES_ERROR;
				GCC_WARN_UNDECLARED_SELECTOR = YES;
				GCC_WARN_UNINITIALIZED_AUTOS = YES_AGGRESSIVE;
				GCC_WARN_UNUSED_FUNCTION = YES;
				GCC_WARN_UNUSED_VARIABLE = YES;
				IPHONEOS_DEPLOYMENT_TARGET = 12.1;
				MTL_ENABLE_DEBUG_INFO = INCLUDE_SOURCE;
				MTL_FAST_MATH = YES;
				ONLY_ACTIVE_ARCH = YES;
				SDKROOT = iphoneos;
				SWIFT_ACTIVE_COMPILATION_CONDITIONS = DEBUG;
				SWIFT_OPTIMIZATION_LEVEL = "-Onone";
			};
			name = Debug;
		};
		FA31F2C126D69DC8001BF354 /* Release */ = {
			isa = XCBuildConfiguration;
			buildSettings = {
				ALWAYS_SEARCH_USER_PATHS = NO;
				CLANG_ANALYZER_NONNULL = YES;
				CLANG_ANALYZER_NUMBER_OBJECT_CONVERSION = YES_AGGRESSIVE;
				CLANG_CXX_LANGUAGE_STANDARD = "gnu++14";
				CLANG_CXX_LIBRARY = "libc++";
				CLANG_ENABLE_MODULES = YES;
				CLANG_ENABLE_OBJC_ARC = YES;
				CLANG_ENABLE_OBJC_WEAK = YES;
				CLANG_WARN_BLOCK_CAPTURE_AUTORELEASING = YES;
				CLANG_WARN_BOOL_CONVERSION = YES;
				CLANG_WARN_COMMA = YES;
				CLANG_WARN_CONSTANT_CONVERSION = YES;
				CLANG_WARN_DEPRECATED_OBJC_IMPLEMENTATIONS = YES;
				CLANG_WARN_DIRECT_OBJC_ISA_USAGE = YES_ERROR;
				CLANG_WARN_DOCUMENTATION_COMMENTS = YES;
				CLANG_WARN_EMPTY_BODY = YES;
				CLANG_WARN_ENUM_CONVERSION = YES;
				CLANG_WARN_INFINITE_RECURSION = YES;
				CLANG_WARN_INT_CONVERSION = YES;
				CLANG_WARN_NON_LITERAL_NULL_CONVERSION = YES;
				CLANG_WARN_OBJC_IMPLICIT_RETAIN_SELF = YES;
				CLANG_WARN_OBJC_LITERAL_CONVERSION = YES;
				CLANG_WARN_OBJC_ROOT_CLASS = YES_ERROR;
				CLANG_WARN_QUOTED_INCLUDE_IN_FRAMEWORK_HEADER = YES;
				CLANG_WARN_RANGE_LOOP_ANALYSIS = YES;
				CLANG_WARN_STRICT_PROTOTYPES = YES;
				CLANG_WARN_SUSPICIOUS_MOVE = YES;
				CLANG_WARN_UNGUARDED_AVAILABILITY = YES_AGGRESSIVE;
				CLANG_WARN_UNREACHABLE_CODE = YES;
				CLANG_WARN__DUPLICATE_METHOD_MATCH = YES;
				COPY_PHASE_STRIP = NO;
				DEBUG_INFORMATION_FORMAT = "dwarf-with-dsym";
				ENABLE_NS_ASSERTIONS = NO;
				ENABLE_STRICT_OBJC_MSGSEND = YES;
				GCC_C_LANGUAGE_STANDARD = gnu11;
				GCC_NO_COMMON_BLOCKS = YES;
				GCC_WARN_64_TO_32_BIT_CONVERSION = YES;
				GCC_WARN_ABOUT_RETURN_TYPE = YES_ERROR;
				GCC_WARN_UNDECLARED_SELECTOR = YES;
				GCC_WARN_UNINITIALIZED_AUTOS = YES_AGGRESSIVE;
				GCC_WARN_UNUSED_FUNCTION = YES;
				GCC_WARN_UNUSED_VARIABLE = YES;
				IPHONEOS_DEPLOYMENT_TARGET = 12.1;
				MTL_ENABLE_DEBUG_INFO = NO;
				MTL_FAST_MATH = YES;
				SDKROOT = iphoneos;
				SWIFT_COMPILATION_MODE = wholemodule;
				SWIFT_OPTIMIZATION_LEVEL = "-O";
				VALIDATE_PRODUCT = YES;
			};
			name = Release;
		};
		FA31F2C326D69DC8001BF354 /* Debug */ = {
			isa = XCBuildConfiguration;
			buildSettings = {
				ASSETCATALOG_COMPILER_APPICON_NAME = AppIcon;
				ASSETCATALOG_COMPILER_GLOBAL_ACCENT_COLOR_NAME = AccentColor;
				CODE_SIGN_STYLE = Automatic;
				DEVELOPMENT_TEAM = J5KZWD7PSW;
				ENABLE_PREVIEWS = YES;
				INFOPLIST_FILE = "rs.ios.mentor-task10/Info.plist";
				IPHONEOS_DEPLOYMENT_TARGET = 12.1;
				LD_RUNPATH_SEARCH_PATHS = (
					"$(inherited)",
					"@executable_path/Frameworks",
				);
				PRODUCT_BUNDLE_IDENTIFIER = "MK.rs-ios-mentor-task10";
				PRODUCT_NAME = "$(TARGET_NAME)";
				SWIFT_VERSION = 5.0;
				TARGETED_DEVICE_FAMILY = "1,2";
			};
			name = Debug;
		};
		FA31F2C426D69DC8001BF354 /* Release */ = {
			isa = XCBuildConfiguration;
			buildSettings = {
				ASSETCATALOG_COMPILER_APPICON_NAME = AppIcon;
				ASSETCATALOG_COMPILER_GLOBAL_ACCENT_COLOR_NAME = AccentColor;
				CODE_SIGN_STYLE = Automatic;
				DEVELOPMENT_TEAM = J5KZWD7PSW;
				ENABLE_PREVIEWS = YES;
				INFOPLIST_FILE = "rs.ios.mentor-task10/Info.plist";
				IPHONEOS_DEPLOYMENT_TARGET = 12.1;
				LD_RUNPATH_SEARCH_PATHS = (
					"$(inherited)",
					"@executable_path/Frameworks",
				);
				PRODUCT_BUNDLE_IDENTIFIER = "MK.rs-ios-mentor-task10";
				PRODUCT_NAME = "$(TARGET_NAME)";
				SWIFT_VERSION = 5.0;
				TARGETED_DEVICE_FAMILY = "1,2";
			};
			name = Release;
		};
/* End XCBuildConfiguration section */

/* Begin XCConfigurationList section */
		FA31F2A926D69DC2001BF354 /* Build configuration list for PBXProject "rs.ios.mentor-task10" */ = {
			isa = XCConfigurationList;
			buildConfigurations = (
				FA31F2C026D69DC8001BF354 /* Debug */,
				FA31F2C126D69DC8001BF354 /* Release */,
			);
			defaultConfigurationIsVisible = 0;
			defaultConfigurationName = Release;
		};
		FA31F2C226D69DC8001BF354 /* Build configuration list for PBXNativeTarget "rs.ios.mentor-task10" */ = {
			isa = XCConfigurationList;
			buildConfigurations = (
				FA31F2C326D69DC8001BF354 /* Debug */,
				FA31F2C426D69DC8001BF354 /* Release */,
			);
			defaultConfigurationIsVisible = 0;
			defaultConfigurationName = Release;
		};
/* End XCConfigurationList section */
	};
	rootObject = FA31F2A626D69DC2001BF354 /* Project object */;
}
